
Microsoft Visual Studio Solution File, Format Version 11.00
# Visual Studio 2010
Project("{FAE04EC0-301F-11D3-BF4B-00C04F79EFBC}") = "Kitchen-Nightmares-VR", "Assembly-CSharp-firstpass.csproj", "{53BD8E02-BD6B-F437-0235-3B716C9631C9}"
EndProject
Project("{FAE04EC0-301F-11D3-BF4B-00C04F79EFBC}") = "Kitchen-Nightmares-VR", "Assembly-CSharp.csproj", "{751CAAFA-C1FD-1906-2258-9A3C6AA2D1B6}"
EndProject
Project("{FAE04EC0-301F-11D3-BF4B-00C04F79EFBC}") = "Kitchen-Nightmares-VR", "Assembly-CSharp-Editor-firstpass.csproj", "{A7F5B579-0B6E-87A3-E983-3EE1E8C4EC4A}"
EndProject
Global
	GlobalSection(SolutionConfigurationPlatforms) = preSolution
		Debug|Any CPU = Debug|Any CPU
		Release|Any CPU = Release|Any CPU
	EndGlobalSection
	GlobalSection(ProjectConfigurationPlatforms) = postSolution
		{53BD8E02-BD6B-F437-0235-3B716C9631C9}.Debug|Any CPU.ActiveCfg = Debug|Any CPU
		{53BD8E02-BD6B-F437-0235-3B716C9631C9}.Debug|Any CPU.Build.0 = Debug|Any CPU
		{53BD8E02-BD6B-F437-0235-3B716C9631C9}.Release|Any CPU.ActiveCfg = Release|Any CPU
		{53BD8E02-BD6B-F437-0235-3B716C9631C9}.Release|Any CPU.Build.0 = Release|Any CPU
		{751CAAFA-C1FD-1906-2258-9A3C6AA2D1B6}.Debug|Any CPU.ActiveCfg = Debug|Any CPU
		{751CAAFA-C1FD-1906-2258-9A3C6AA2D1B6}.Debug|Any CPU.Build.0 = Debug|Any CPU
		{751CAAFA-C1FD-1906-2258-9A3C6AA2D1B6}.Release|Any CPU.ActiveCfg = Release|Any CPU
		{751CAAFA-C1FD-1906-2258-9A3C6AA2D1B6}.Release|Any CPU.Build.0 = Release|Any CPU
		{A7F5B579-0B6E-87A3-E983-3EE1E8C4EC4A}.Debug|Any CPU.ActiveCfg = Debug|Any CPU
		{A7F5B579-0B6E-87A3-E983-3EE1E8C4EC4A}.Debug|Any CPU.Build.0 = Debug|Any CPU
		{A7F5B579-0B6E-87A3-E983-3EE1E8C4EC4A}.Release|Any CPU.ActiveCfg = Release|Any CPU
		{A7F5B579-0B6E-87A3-E983-3EE1E8C4EC4A}.Release|Any CPU.Build.0 = Release|Any CPU
	EndGlobalSection
	GlobalSection(SolutionProperties) = preSolution
		HideSolutionNode = FALSE
	EndGlobalSection
	GlobalSection(MonoDevelopProperties) = preSolution
		StartupItem = Assembly-CSharp.csproj
	EndGlobalSection
EndGlobal
